
Microsoft Visual Studio Solution File, Format Version 11.00
# Visual Studio 2010
Project("{FAE04EC0-301F-11D3-BF4B-00C04F79EFBC}") = "Mastermind_Duhau-Marmon_Mancier", "Mastermind_Duhau-Marmon_Mancier\Mastermind_Duhau-Marmon_Mancier.csproj", "{72DAE9BE-82D8-4044-96D7-63113986996A}"
EndProject
Global
	GlobalSection(SolutionConfigurationPlatforms) = preSolution
		Debug|x86 = Debug|x86
		Release|x86 = Release|x86
	EndGlobalSection
	GlobalSection(ProjectConfigurationPlatforms) = postSolution
		{72DAE9BE-82D8-4044-96D7-63113986996A}.Debug|x86.ActiveCfg = Debug|x86
		{72DAE9BE-82D8-4044-96D7-63113986996A}.Debug|x86.Build.0 = Debug|x86
		{72DAE9BE-82D8-4044-96D7-63113986996A}.Release|x86.ActiveCfg = Release|x86
		{72DAE9BE-82D8-4044-96D7-63113986996A}.Release|x86.Build.0 = Release|x86
	EndGlobalSection
	GlobalSection(SolutionProperties) = preSolution
		HideSolutionNode = FALSE
	EndGlobalSection
EndGlobal
